
Microsoft Visual Studio Solution File, Format Version 12.00
# Visual Studio Version 16
VisualStudioVersion = 16.0.31129.286
MinimumVisualStudioVersion = 10.0.40219.1
Project("{9A19103F-16F7-4668-BE54-9A1E7A4F7556}") = "Subless.Data", "Subless.Data\Subless.Data.csproj", "{F0CDF186-05F4-4792-9083-BBD12B82C1FD}"
EndProject
Project("{9A19103F-16F7-4668-BE54-9A1E7A4F7556}") = "SublessSignIn", "SublessSignIn\SublessSignIn.csproj", "{2F0392CF-4567-4DBD-B963-8EF5E432B2ED}"
EndProject
Project("{9A19103F-16F7-4668-BE54-9A1E7A4F7556}") = "Subless.Services", "Subless.Services\Subless.Services.csproj", "{150594FA-717F-4BA2-9052-068D4FDEAFD0}"
EndProject
Project("{9A19103F-16F7-4668-BE54-9A1E7A4F7556}") = "Subless.Models", "Subless.Models\Subless.Models.csproj", "{1A317B24-E58C-4E46-A64A-F82DACBD4A92}"
EndProject
Project("{9A19103F-16F7-4668-BE54-9A1E7A4F7556}") = "Subless.PayoutCalculator", "PayoutCalculator\Subless.PayoutCalculator.csproj", "{48A6ABBD-C576-4F88-B5A8-2CB75C234190}"
EndProject
Project("{9A19103F-16F7-4668-BE54-9A1E7A4F7556}") = "Subless.Tests", "Subless.Tests\Subless.Tests.csproj", "{5E67AB4F-8588-4F6E-9DC4-CD64F1A06C74}"
EndProject
Global
	GlobalSection(SolutionConfigurationPlatforms) = preSolution
		Debug|Any CPU = Debug|Any CPU
		Release|Any CPU = Release|Any CPU
	EndGlobalSection
	GlobalSection(ProjectConfigurationPlatforms) = postSolution
		{F0CDF186-05F4-4792-9083-BBD12B82C1FD}.Debug|Any CPU.ActiveCfg = Debug|Any CPU
		{F0CDF186-05F4-4792-9083-BBD12B82C1FD}.Debug|Any CPU.Build.0 = Debug|Any CPU
		{F0CDF186-05F4-4792-9083-BBD12B82C1FD}.Release|Any CPU.ActiveCfg = Release|Any CPU
		{F0CDF186-05F4-4792-9083-BBD12B82C1FD}.Release|Any CPU.Build.0 = Release|Any CPU
		{2F0392CF-4567-4DBD-B963-8EF5E432B2ED}.Debug|Any CPU.ActiveCfg = Debug|Any CPU
		{2F0392CF-4567-4DBD-B963-8EF5E432B2ED}.Debug|Any CPU.Build.0 = Debug|Any CPU
		{2F0392CF-4567-4DBD-B963-8EF5E432B2ED}.Release|Any CPU.ActiveCfg = Release|Any CPU
		{2F0392CF-4567-4DBD-B963-8EF5E432B2ED}.Release|Any CPU.Build.0 = Release|Any CPU
		{150594FA-717F-4BA2-9052-068D4FDEAFD0}.Debug|Any CPU.ActiveCfg = Debug|Any CPU
		{150594FA-717F-4BA2-9052-068D4FDEAFD0}.Debug|Any CPU.Build.0 = Debug|Any CPU
		{150594FA-717F-4BA2-9052-068D4FDEAFD0}.Release|Any CPU.ActiveCfg = Release|Any CPU
		{150594FA-717F-4BA2-9052-068D4FDEAFD0}.Release|Any CPU.Build.0 = Release|Any CPU
		{1A317B24-E58C-4E46-A64A-F82DACBD4A92}.Debug|Any CPU.ActiveCfg = Debug|Any CPU
		{1A317B24-E58C-4E46-A64A-F82DACBD4A92}.Debug|Any CPU.Build.0 = Debug|Any CPU
		{1A317B24-E58C-4E46-A64A-F82DACBD4A92}.Release|Any CPU.ActiveCfg = Release|Any CPU
		{1A317B24-E58C-4E46-A64A-F82DACBD4A92}.Release|Any CPU.Build.0 = Release|Any CPU
		{48A6ABBD-C576-4F88-B5A8-2CB75C234190}.Debug|Any CPU.ActiveCfg = Debug|Any CPU
		{48A6ABBD-C576-4F88-B5A8-2CB75C234190}.Debug|Any CPU.Build.0 = Debug|Any CPU
		{48A6ABBD-C576-4F88-B5A8-2CB75C234190}.Release|Any CPU.ActiveCfg = Release|Any CPU
		{48A6ABBD-C576-4F88-B5A8-2CB75C234190}.Release|Any CPU.Build.0 = Release|Any CPU
		{5E67AB4F-8588-4F6E-9DC4-CD64F1A06C74}.Debug|Any CPU.ActiveCfg = Debug|Any CPU
		{5E67AB4F-8588-4F6E-9DC4-CD64F1A06C74}.Debug|Any CPU.Build.0 = Debug|Any CPU
		{5E67AB4F-8588-4F6E-9DC4-CD64F1A06C74}.Release|Any CPU.ActiveCfg = Release|Any CPU
		{5E67AB4F-8588-4F6E-9DC4-CD64F1A06C74}.Release|Any CPU.Build.0 = Release|Any CPU
	EndGlobalSection
	GlobalSection(SolutionProperties) = preSolution
		HideSolutionNode = FALSE
	EndGlobalSection
	GlobalSection(ExtensibilityGlobals) = postSolution
		SolutionGuid = {7C62C5D2-6203-4084-9F76-C34B08F7DA1E}
	EndGlobalSection
EndGlobal
